// !$*UTF8*$!
{
	archiveVersion = 1;
	classes = {
	};
	objectVersion = 50;
	objects = {

/* Begin PBXBuildFile section */
		6401A9A924F0654A001F013D /* AppDelegate.swift in Sources */ = {isa = PBXBuildFile; fileRef = 6401A9A824F06549001F013D /* AppDelegate.swift */; };
		6401A9AB24F0654A001F013D /* SceneDelegate.swift in Sources */ = {isa = PBXBuildFile; fileRef = 6401A9AA24F0654A001F013D /* SceneDelegate.swift */; };
		6401A9AD24F0654A001F013D /* ViewController.swift in Sources */ = {isa = PBXBuildFile; fileRef = 6401A9AC24F0654A001F013D /* ViewController.swift */; };
		6401A9B024F0654A001F013D /* Main.storyboard in Resources */ = {isa = PBXBuildFile; fileRef = 6401A9AE24F0654A001F013D /* Main.storyboard */; };
		6401A9B224F0654D001F013D /* Assets.xcassets in Resources */ = {isa = PBXBuildFile; fileRef = 6401A9B124F0654D001F013D /* Assets.xcassets */; };
		6401A9B524F0654D001F013D /* LaunchScreen.storyboard in Resources */ = {isa = PBXBuildFile; fileRef = 6401A9B324F0654D001F013D /* LaunchScreen.storyboard */; };
		6401A9C024F0654D001F013D /* tipTests.swift in Sources */ = {isa = PBXBuildFile; fileRef = 6401A9BF24F0654D001F013D /* tipTests.swift */; };
		6401A9CB24F0654D001F013D /* tipUITests.swift in Sources */ = {isa = PBXBuildFile; fileRef = 6401A9CA24F0654D001F013D /* tipUITests.swift */; };
/* End PBXBuildFile section */

/* Begin PBXContainerItemProxy section */
		6401A9BC24F0654D001F013D /* PBXContainerItemProxy */ = {
			isa = PBXContainerItemProxy;
			containerPortal = 6401A99D24F06549001F013D /* Project object */;
			proxyType = 1;
			remoteGlobalIDString = 6401A9A424F06549001F013D;
			remoteInfo = tip;
		};
		6401A9C724F0654D001F013D /* PBXContainerItemProxy */ = {
			isa = PBXContainerItemProxy;
			containerPortal = 6401A99D24F06549001F013D /* Project object */;
			proxyType = 1;
			remoteGlobalIDString = 6401A9A424F06549001F013D;
			remoteInfo = tip;
		};
/* End PBXContainerItemProxy section */

/* Begin PBXFileReference section */
		6401A9A524F06549001F013D /* tip.app */ = {isa = PBXFileReference; explicitFileType = wrapper.application; includeInIndex = 0; path = tip.app; sourceTree = BUILT_PRODUCTS_DIR; };
		6401A9A824F06549001F013D /* AppDelegate.swift */ = {isa = PBXFileReference; lastKnownFileType = sourcecode.swift; path = AppDelegate.swift; sourceTree = "<group>"; };
		6401A9AA24F0654A001F013D /* SceneDelegate.swift */ = {isa = PBXFileReference; lastKnownFileType = sourcecode.swift; path = SceneDelegate.swift; sourceTree = "<group>"; };
		6401A9AC24F0654A001F013D /* ViewController.swift */ = {isa = PBXFileReference; lastKnownFileType = sourcecode.swift; path = ViewController.swift; sourceTree = "<group>"; };
		6401A9AF24F0654A001F013D /* Base */ = {isa = PBXFileReference; lastKnownFileType = file.storyboard; name = Base; path = Base.lproj/Main.storyboard; sourceTree = "<group>"; };
		6401A9B124F0654D001F013D /* Assets.xcassets */ = {isa = PBXFileReference; lastKnownFileType = folder.assetcatalog; path = Assets.xcassets; sourceTree = "<group>"; };
		6401A9B424F0654D001F013D /* Base */ = {isa = PBXFileReference; lastKnownFileType = file.storyboard; name = Base; path = Base.lproj/LaunchScreen.storyboard; sourceTree = "<group>"; };
		6401A9B624F0654D001F013D /* Info.plist */ = {isa = PBXFileReference; lastKnownFileType = text.plist.xml; path = Info.plist; sourceTree = "<group>"; };
		6401A9BB24F0654D001F013D /* tipTests.xctest */ = {isa = PBXFileReference; explicitFileType = wrapper.cfbundle; includeInIndex = 0; path = tipTests.xctest; sourceTree = BUILT_PRODUCTS_DIR; };
		6401A9BF24F0654D001F013D /* tipTests.swift */ = {isa = PBXFileReference; lastKnownFileType = sourcecode.swift; path = tipTests.swift; sourceTree = "<group>"; };
		6401A9C124F0654D001F013D /* Info.plist */ = {isa = PBXFileReference; lastKnownFileType = text.plist.xml; path = Info.plist; sourceTree = "<group>"; };
		6401A9C624F0654D001F013D /* tipUITests.xctest */ = {isa = PBXFileReference; explicitFileType = wrapper.cfbundle; includeInIndex = 0; path = tipUITests.xctest; sourceTree = BUILT_PRODUCTS_DIR; };
		6401A9CA24F0654D001F013D /* tipUITests.swift */ = {isa = PBXFileReference; lastKnownFileType = sourcecode.swift; path = tipUITests.swift; sourceTree = "<group>"; };
		6401A9CC24F0654D001F013D /* Info.plist */ = {isa = PBXFileReference; lastKnownFileType = text.plist.xml; path = Info.plist; sourceTree = "<group>"; };
/* End PBXFileReference section */

/* Begin PBXFrameworksBuildPhase section */
		6401A9A224F06549001F013D /* Frameworks */ = {
			isa = PBXFrameworksBuildPhase;
			buildActionMask = 2147483647;
			files = (
			);
			runOnlyForDeploymentPostprocessing = 0;
		};
		6401A9B824F0654D001F013D /* Frameworks */ = {
			isa = PBXFrameworksBuildPhase;
			buildActionMask = 2147483647;
			files = (
			);
			runOnlyForDeploymentPostprocessing = 0;
		};
		6401A9C324F0654D001F013D /* Frameworks */ = {
			isa = PBXFrameworksBuildPhase;
			buildActionMask = 2147483647;
			files = (
			);
			runOnlyForDeploymentPostprocessing = 0;
		};
/* End PBXFrameworksBuildPhase section */

/* Begin PBXGroup section */
		6401A99C24F06549001F013D = {
			isa = PBXGroup;
			children = (
				6401A9A724F06549001F013D /* tip */,
				6401A9BE24F0654D001F013D /* tipTests */,
				6401A9C924F0654D001F013D /* tipUITests */,
				6401A9A624F06549001F013D /* Products */,
			);
			sourceTree = "<group>";
		};
		6401A9A624F06549001F013D /* Products */ = {
			isa = PBXGroup;
			children = (
				6401A9A524F06549001F013D /* tip.app */,
				6401A9BB24F0654D001F013D /* tipTests.xctest */,
				6401A9C624F0654D001F013D /* tipUITests.xctest */,
			);
			name = Products;
			sourceTree = "<group>";
		};
		6401A9A724F06549001F013D /* tip */ = {
			isa = PBXGroup;
			children = (
				6401A9A824F06549001F013D /* AppDelegate.swift */,
				6401A9AA24F0654A001F013D /* SceneDelegate.swift */,
				6401A9AC24F0654A001F013D /* ViewController.swift */,
				6401A9AE24F0654A001F013D /* Main.storyboard */,
				6401A9B124F0654D001F013D /* Assets.xcassets */,
				6401A9B324F0654D001F013D /* LaunchScreen.storyboard */,
				6401A9B624F0654D001F013D /* Info.plist */,
			);
			path = tip;
			sourceTree = "<group>";
		};
		6401A9BE24F0654D001F013D /* tipTests */ = {
			isa = PBXGroup;
			children = (
				6401A9BF24F0654D001F013D /* tipTests.swift */,
				6401A9C124F0654D001F013D /* Info.plist */,
			);
			path = tipTests;
			sourceTree = "<group>";
		};
		6401A9C924F0654D001F013D /* tipUITests */ = {
			isa = PBXGroup;
			children = (
				6401A9CA24F0654D001F013D /* tipUITests.swift */,
				6401A9CC24F0654D001F013D /* Info.plist */,
			);
			path = tipUITests;
			sourceTree = "<group>";
		};
/* End PBXGroup section */

/* Begin PBXNativeTarget section */
		6401A9A424F06549001F013D /* tip */ = {
			isa = PBXNativeTarget;
			buildConfigurationList = 6401A9CF24F0654D001F013D /* Build configuration list for PBXNativeTarget "tip" */;
			buildPhases = (
				6401A9A124F06549001F013D /* Sources */,
				6401A9A224F06549001F013D /* Frameworks */,
				6401A9A324F06549001F013D /* Resources */,
			);
			buildRules = (
			);
			dependencies = (
			);
			name = tip;
			productName = tip;
			productReference = 6401A9A524F06549001F013D /* tip.app */;
			productType = "com.apple.product-type.application";
		};
		6401A9BA24F0654D001F013D /* tipTests */ = {
			isa = PBXNativeTarget;
			buildConfigurationList = 6401A9D224F0654D001F013D /* Build configuration list for PBXNativeTarget "tipTests" */;
			buildPhases = (
				6401A9B724F0654D001F013D /* Sources */,
				6401A9B824F0654D001F013D /* Frameworks */,
				6401A9B924F0654D001F013D /* Resources */,
			);
			buildRules = (
			);
			dependencies = (
				6401A9BD24F0654D001F013D /* PBXTargetDependency */,
			);
			name = tipTests;
			productName = tipTests;
			productReference = 6401A9BB24F0654D001F013D /* tipTests.xctest */;
			productType = "com.apple.product-type.bundle.unit-test";
		};
		6401A9C524F0654D001F013D /* tipUITests */ = {
			isa = PBXNativeTarget;
			buildConfigurationList = 6401A9D524F0654D001F013D /* Build configuration list for PBXNativeTarget "tipUITests" */;
			buildPhases = (
				6401A9C224F0654D001F013D /* Sources */,
				6401A9C324F0654D001F013D /* Frameworks */,
				6401A9C424F0654D001F013D /* Resources */,
			);
			buildRules = (
			);
			dependencies = (
				6401A9C824F0654D001F013D /* PBXTargetDependency */,
			);
			name = tipUITests;
			productName = tipUITests;
			productReference = 6401A9C624F0654D001F013D /* tipUITests.xctest */;
			productType = "com.apple.product-type.bundle.ui-testing";
		};
/* End PBXNativeTarget section */

/* Begin PBXProject section */
		6401A99D24F06549001F013D /* Project object */ = {
			isa = PBXProject;
			attributes = {
				LastSwiftUpdateCheck = 1160;
				LastUpgradeCheck = 1160;
				ORGANIZATIONNAME = Codepath;
				TargetAttributes = {
					6401A9A424F06549001F013D = {
						CreatedOnToolsVersion = 11.6;
					};
					6401A9BA24F0654D001F013D = {
						CreatedOnToolsVersion = 11.6;
						TestTargetID = 6401A9A424F06549001F013D;
					};
					6401A9C524F0654D001F013D = {
						CreatedOnToolsVersion = 11.6;
						TestTargetID = 6401A9A424F06549001F013D;
					};
				};
			};
			buildConfigurationList = 6401A9A024F06549001F013D /* Build configuration list for PBXProject "tip" */;
			compatibilityVersion = "Xcode 9.3";
			developmentRegion = en;
			hasScannedForEncodings = 0;
			knownRegions = (
				en,
				Base,
			);
			mainGroup = 6401A99C24F06549001F013D;
			productRefGroup = 6401A9A624F06549001F013D /* Products */;
			projectDirPath = "";
			projectRoot = "";
			targets = (
				6401A9A424F06549001F013D /* tip */,
				6401A9BA24F0654D001F013D /* tipTests */,
				6401A9C524F0654D001F013D /* tipUITests */,
			);
		};
/* End PBXProject section */

/* Begin PBXResourcesBuildPhase section */
		6401A9A324F06549001F013D /* Resources */ = {
			isa = PBXResourcesBuildPhase;
			buildActionMask = 2147483647;
			files = (
				6401A9B524F0654D001F013D /* LaunchScreen.storyboard in Resources */,
				6401A9B224F0654D001F013D /* Assets.xcassets in Resources */,
				6401A9B024F0654A001F013D /* Main.storyboard in Resources */,
			);
			runOnlyForDeploymentPostprocessing = 0;
		};
		6401A9B924F0654D001F013D /* Resources */ = {
			isa = PBXResourcesBuildPhase;
			buildActionMask = 2147483647;
			files = (
			);
			runOnlyForDeploymentPostprocessing = 0;
		};
		6401A9C424F0654D001F013D /* Resources */ = {
			isa = PBXResourcesBuildPhase;
			buildActionMask = 2147483647;
			files = (
			);
			runOnlyForDeploymentPostprocessing = 0;
		};
/* End PBXResourcesBuildPhase section */

/* Begin PBXSourcesBuildPhase section */
		6401A9A124F06549001F013D /* Sources */ = {
			isa = PBXSourcesBuildPhase;
			buildActionMask = 2147483647;
			files = (
				6401A9AD24F0654A001F013D /* ViewController.swift in Sources */,
				6401A9A924F0654A001F013D /* AppDelegate.swift in Sources */,
				6401A9AB24F0654A001F013D /* SceneDelegate.swift in Sources */,
			);
			runOnlyForDeploymentPostprocessing = 0;
		};
		6401A9B724F0654D001F013D /* Sources */ = {
			isa = PBXSourcesBuildPhase;
			buildActionMask = 2147483647;
			files = (
				6401A9C024F0654D001F013D /* tipTests.swift in Sources */,
			);
			runOnlyForDeploymentPostprocessing = 0;
		};
		6401A9C224F0654D001F013D /* Sources */ = {
			isa = PBXSourcesBuildPhase;
			buildActionMask = 2147483647;
			files = (
				6401A9CB24F0654D001F013D /* tipUITests.swift in Sources */,
			);
			runOnlyForDeploymentPostprocessing = 0;
		};
/* End PBXSourcesBuildPhase section */

/* Begin PBXTargetDependency section */
		6401A9BD24F0654D001F013D /* PBXTargetDependency */ = {
			isa = PBXTargetDependency;
			target = 6401A9A424F06549001F013D /* tip */;
			targetProxy = 6401A9BC24F0654D001F013D /* PBXContainerItemProxy */;
		};
		6401A9C824F0654D001F013D /* PBXTargetDependency */ = {
			isa = PBXTargetDependency;
			target = 6401A9A424F06549001F013D /* tip */;
			targetProxy = 6401A9C724F0654D001F013D /* PBXContainerItemProxy */;
		};
/* End PBXTargetDependency section */

/* Begin PBXVariantGroup section */
		6401A9AE24F0654A001F013D /* Main.storyboard */ = {
			isa = PBXVariantGroup;
			children = (
				6401A9AF24F0654A001F013D /* Base */,
			);
			name = Main.storyboard;
			sourceTree = "<group>";
		};
		6401A9B324F0654D001F013D /* LaunchScreen.storyboard */ = {
			isa = PBXVariantGroup;
			children = (
				6401A9B424F0654D001F013D /* Base */,
			);
			name = LaunchScreen.storyboard;
			sourceTree = "<group>";
		};
/* End PBXVariantGroup section */

/* Begin XCBuildConfiguration section */
		6401A9CD24F0654D001F013D /* Debug */ = {
			isa = XCBuildConfiguration;
			buildSettings = {
				ALWAYS_SEARCH_USER_PATHS = NO;
				CLANG_ANALYZER_NONNULL = YES;
				CLANG_ANALYZER_NUMBER_OBJECT_CONVERSION = YES_AGGRESSIVE;
				CLANG_CXX_LANGUAGE_STANDARD = "gnu++14";
				CLANG_CXX_LIBRARY = "libc++";
				CLANG_ENABLE_MODULES = YES;
				CLANG_ENABLE_OBJC_ARC = YES;
				CLANG_ENABLE_OBJC_WEAK = YES;
				CLANG_WARN_BLOCK_CAPTURE_AUTORELEASING = YES;
				CLANG_WARN_BOOL_CONVERSION = YES;
				CLANG_WARN_COMMA = YES;
				CLANG_WARN_CONSTANT_CONVERSION = YES;
				CLANG_WARN_DEPRECATED_OBJC_IMPLEMENTATIONS = YES;
				CLANG_WARN_DIRECT_OBJC_ISA_USAGE = YES_ERROR;
				CLANG_WARN_DOCUMENTATION_COMMENTS = YES;
				CLANG_WARN_EMPTY_BODY = YES;
				CLANG_WARN_ENUM_CONVERSION = YES;
				CLANG_WARN_INFINITE_RECURSION = YES;
				CLANG_WARN_INT_CONVERSION = YES;
				CLANG_WARN_NON_LITERAL_NULL_CONVERSION = YES;
				CLANG_WARN_OBJC_IMPLICIT_RETAIN_SELF = YES;
				CLANG_WARN_OBJC_LITERAL_CONVERSION = YES;
				CLANG_WARN_OBJC_ROOT_CLASS = YES_ERROR;
				CLANG_WARN_RANGE_LOOP_ANALYSIS = YES;
				CLANG_WARN_STRICT_PROTOTYPES = YES;
				CLANG_WARN_SUSPICIOUS_MOVE = YES;
				CLANG_WARN_UNGUARDED_AVAILABILITY = YES_AGGRESSIVE;
				CLANG_WARN_UNREACHABLE_CODE = YES;
				CLANG_WARN__DUPLICATE_METHOD_MATCH = YES;
				COPY_PHASE_STRIP = NO;
				DEBUG_INFORMATION_FORMAT = dwarf;
				ENABLE_STRICT_OBJC_MSGSEND = YES;
				ENABLE_TESTABILITY = YES;
				GCC_C_LANGUAGE_STANDARD = gnu11;
				GCC_DYNAMIC_NO_PIC = NO;
				GCC_NO_COMMON_BLOCKS = YES;
				GCC_OPTIMIZATION_LEVEL = 0;
				GCC_PREPROCESSOR_DEFINITIONS = (
					"DEBUG=1",
					"$(inherited)",
				);
				GCC_WARN_64_TO_32_BIT_CONVERSION = YES;
				GCC_WARN_ABOUT_RETURN_TYPE = YES_ERROR;
				GCC_WARN_UNDECLARED_SELECTOR = YES;
				GCC_WARN_UNINITIALIZED_AUTOS = YES_AGGRESSIVE;
				GCC_WARN_UNUSED_FUNCTION = YES;
				GCC_WARN_UNUSED_VARIABLE = YES;
				IPHONEOS_DEPLOYMENT_TARGET = 13.6;
				MTL_ENABLE_DEBUG_INFO = INCLUDE_SOURCE;
				MTL_FAST_MATH = YES;
				ONLY_ACTIVE_ARCH = YES;
				SDKROOT = iphoneos;
				SWIFT_ACTIVE_COMPILATION_CONDITIONS = DEBUG;
				SWIFT_OPTIMIZATION_LEVEL = "-Onone";
			};
			name = Debug;
		};
		6401A9CE24F0654D001F013D /* Release */ = {
			isa = XCBuildConfiguration;
			buildSettings = {
				ALWAYS_SEARCH_USER_PATHS = NO;
				CLANG_ANALYZER_NONNULL = YES;
				CLANG_ANALYZER_NUMBER_OBJECT_CONVERSION = YES_AGGRESSIVE;
				CLANG_CXX_LANGUAGE_STANDARD = "gnu++14";
				CLANG_CXX_LIBRARY = "libc++";
				CLANG_ENABLE_MODULES = YES;
				CLANG_ENABLE_OBJC_ARC = YES;
				CLANG_ENABLE_OBJC_WEAK = YES;
				CLANG_WARN_BLOCK_CAPTURE_AUTORELEASING = YES;
				CLANG_WARN_BOOL_CONVERSION = YES;
				CLANG_WARN_COMMA = YES;
				CLANG_WARN_CONSTANT_CONVERSION = YES;
				CLANG_WARN_DEPRECATED_OBJC_IMPLEMENTATIONS = YES;
				CLANG_WARN_DIRECT_OBJC_ISA_USAGE = YES_ERROR;
				CLANG_WARN_DOCUMENTATION_COMMENTS = YES;
				CLANG_WARN_EMPTY_BODY = YES;
				CLANG_WARN_ENUM_CONVERSION = YES;
				CLANG_WARN_INFINITE_RECURSION = YES;
				CLANG_WARN_INT_CONVERSION = YES;
				CLANG_WARN_NON_LITERAL_NULL_CONVERSION = YES;
				CLANG_WARN_OBJC_IMPLICIT_RETAIN_SELF = YES;
				CLANG_WARN_OBJC_LITERAL_CONVERSION = YES;
				CLANG_WARN_OBJC_ROOT_CLASS = YES_ERROR;
				CLANG_WARN_RANGE_LOOP_ANALYSIS = YES;
				CLANG_WARN_STRICT_PROTOTYPES = YES;
				CLANG_WARN_SUSPICIOUS_MOVE = YES;
				CLANG_WARN_UNGUARDED_AVAILABILITY = YES_AGGRESSIVE;
				CLANG_WARN_UNREACHABLE_CODE = YES;
				CLANG_WARN__DUPLICATE_METHOD_MATCH = YES;
				COPY_PHASE_STRIP = NO;
				DEBUG_INFORMATION_FORMAT = "dwarf-with-dsym";
				ENABLE_NS_ASSERTIONS = NO;
				ENABLE_STRICT_OBJC_MSGSEND = YES;
				GCC_C_LANGUAGE_STANDARD = gnu11;
				GCC_NO_COMMON_BLOCKS = YES;
				GCC_WARN_64_TO_32_BIT_CONVERSION = YES;
				GCC_WARN_ABOUT_RETURN_TYPE = YES_ERROR;
				GCC_WARN_UNDECLARED_SELECTOR = YES;
				GCC_WARN_UNINITIALIZED_AUTOS = YES_AGGRESSIVE;
				GCC_WARN_UNUSED_FUNCTION = YES;
				GCC_WARN_UNUSED_VARIABLE = YES;
				IPHONEOS_DEPLOYMENT_TARGET = 13.6;
				MTL_ENABLE_DEBUG_INFO = NO;
				MTL_FAST_MATH = YES;
				SDKROOT = iphoneos;
				SWIFT_COMPILATION_MODE = wholemodule;
				SWIFT_OPTIMIZATION_LEVEL = "-O";
				VALIDATE_PRODUCT = YES;
			};
			name = Release;
		};
		6401A9D024F0654D001F013D /* Debug */ = {
			isa = XCBuildConfiguration;
			buildSettings = {
				ASSETCATALOG_COMPILER_APPICON_NAME = AppIcon;
				CODE_SIGN_STYLE = Automatic;
				INFOPLIST_FILE = tip/Info.plist;
				LD_RUNPATH_SEARCH_PATHS = (
					"$(inherited)",
					"@executable_path/Frameworks",
				);
				PRODUCT_BUNDLE_IDENTIFIER = Codepath.tip;
				PRODUCT_NAME = "$(TARGET_NAME)";
				SWIFT_VERSION = 5.0;
				TARGETED_DEVICE_FAMILY = "1,2";
			};
			name = Debug;
		};
		6401A9D124F0654D001F013D /* Release */ = {
			isa = XCBuildConfiguration;
			buildSettings = {
				ASSETCATALOG_COMPILER_APPICON_NAME = AppIcon;
				CODE_SIGN_STYLE = Automatic;
				INFOPLIST_FILE = tip/Info.plist;
				LD_RUNPATH_SEARCH_PATHS = (
					"$(inherited)",
					"@executable_path/Frameworks",
				);
				PRODUCT_BUNDLE_IDENTIFIER = Codepath.tip;
				PRODUCT_NAME = "$(TARGET_NAME)";
				SWIFT_VERSION = 5.0;
				TARGETED_DEVICE_FAMILY = "1,2";
			};
			name = Release;
		};
		6401A9D324F0654D001F013D /* Debug */ = {
			isa = XCBuildConfiguration;
			buildSettings = {
				ALWAYS_EMBED_SWIFT_STANDARD_LIBRARIES = YES;
				BUNDLE_LOADER = "$(TEST_HOST)";
				CODE_SIGN_STYLE = Automatic;
				INFOPLIST_FILE = tipTests/Info.plist;
				IPHONEOS_DEPLOYMENT_TARGET = 13.6;
				LD_RUNPATH_SEARCH_PATHS = (
					"$(inherited)",
					"@executable_path/Frameworks",
					"@loader_path/Frameworks",
				);
				PRODUCT_BUNDLE_IDENTIFIER = Codepath.tipTests;
				PRODUCT_NAME = "$(TARGET_NAME)";
				SWIFT_VERSION = 5.0;
				TARGETED_DEVICE_FAMILY = "1,2";
				TEST_HOST = "$(BUILT_PRODUCTS_DIR)/tip.app/tip";
			};
			name = Debug;
		};
		6401A9D424F0654D001F013D /* Release */ = {
			isa = XCBuildConfiguration;
			buildSettings = {
				ALWAYS_EMBED_SWIFT_STANDARD_LIBRARIES = YES;
				BUNDLE_LOADER = "$(TEST_HOST)";
				CODE_SIGN_STYLE = Automatic;
				INFOPLIST_FILE = tipTests/Info.plist;
				IPHONEOS_DEPLOYMENT_TARGET = 13.6;
				LD_RUNPATH_SEARCH_PATHS = (
					"$(inherited)",
					"@executable_path/Frameworks",
					"@loader_path/Frameworks",
				);
				PRODUCT_BUNDLE_IDENTIFIER = Codepath.tipTests;
				PRODUCT_NAME = "$(TARGET_NAME)";
				SWIFT_VERSION = 5.0;
				TARGETED_DEVICE_FAMILY = "1,2";
				TEST_HOST = "$(BUILT_PRODUCTS_DIR)/tip.app/tip";
			};
			name = Release;
		};
		6401A9D624F0654D001F013D /* Debug */ = {
			isa = XCBuildConfiguration;
			buildSettings = {
				ALWAYS_EMBED_SWIFT_STANDARD_LIBRARIES = YES;
				CODE_SIGN_STYLE = Automatic;
				INFOPLIST_FILE = tipUITests/Info.plist;
				LD_RUNPATH_SEARCH_PATHS = (
					"$(inherited)",
					"@executable_path/Frameworks",
					"@loader_path/Frameworks",
				);
				PRODUCT_BUNDLE_IDENTIFIER = Codepath.tipUITests;
				PRODUCT_NAME = "$(TARGET_NAME)";
				SWIFT_VERSION = 5.0;
				TARGETED_DEVICE_FAMILY = "1,2";
				TEST_TARGET_NAME = tip;
			};
			name = Debug;
		};
		6401A9D724F0654D001F013D /* Release */ = {
			isa = XCBuildConfiguration;
			buildSettings = {
				ALWAYS_EMBED_SWIFT_STANDARD_LIBRARIES = YES;
				CODE_SIGN_STYLE = Automatic;
				INFOPLIST_FILE = tipUITests/Info.plist;
				LD_RUNPATH_SEARCH_PATHS = (
					"$(inherited)",
					"@executable_path/Frameworks",
					"@loader_path/Frameworks",
				);
				PRODUCT_BUNDLE_IDENTIFIER = Codepath.tipUITests;
				PRODUCT_NAME = "$(TARGET_NAME)";
				SWIFT_VERSION = 5.0;
				TARGETED_DEVICE_FAMILY = "1,2";
				TEST_TARGET_NAME = tip;
			};
			name = Release;
		};
/* End XCBuildConfiguration section */

/* Begin XCConfigurationList section */
		6401A9A024F06549001F013D /* Build configuration list for PBXProject "tip" */ = {
			isa = XCConfigurationList;
			buildConfigurations = (
				6401A9CD24F0654D001F013D /* Debug */,
				6401A9CE24F0654D001F013D /* Release */,
			);
			defaultConfigurationIsVisible = 0;
			defaultConfigurationName = Release;
		};
		6401A9CF24F0654D001F013D /* Build configuration list for PBXNativeTarget "tip" */ = {
			isa = XCConfigurationList;
			buildConfigurations = (
				6401A9D024F0654D001F013D /* Debug */,
				6401A9D124F0654D001F013D /* Release */,
			);
			defaultConfigurationIsVisible = 0;
			defaultConfigurationName = Release;
		};
		6401A9D224F0654D001F013D /* Build configuration list for PBXNativeTarget "tipTests" */ = {
			isa = XCConfigurationList;
			buildConfigurations = (
				6401A9D324F0654D001F013D /* Debug */,
				6401A9D424F0654D001F013D /* Release */,
			);
			defaultConfigurationIsVisible = 0;
			defaultConfigurationName = Release;
		};
		6401A9D524F0654D001F013D /* Build configuration list for PBXNativeTarget "tipUITests" */ = {
			isa = XCConfigurationList;
			buildConfigurations = (
				6401A9D624F0654D001F013D /* Debug */,
				6401A9D724F0654D001F013D /* Release */,
			);
			defaultConfigurationIsVisible = 0;
			defaultConfigurationName = Release;
		};
/* End XCConfigurationList section */
	};
	rootObject = 6401A99D24F06549001F013D /* Project object */;
}
